{
  "name": "saxonjs-test-app",
  "version": "1.0.0",
  "lockfileVersion": 3,
  "requires": true,
  "packages": {
    "": {
      "name": "saxonjs-test-app",
      "version": "1.0.0",
      "hasInstallScript": true,
      "license": "ISC",
      "dependencies": {
        "saxonjs-he": "^3.0.0-beta2"
      }
    },
    "node_modules/saxonjs-he": {
      "version": "3.0.0-beta2",
      "resolved": "https://registry.npmjs.org/saxonjs-he/-/saxonjs-he-3.0.0-beta2.tgz",
      "integrity": "sha512-ZoxMP1BzQ6qGv9oJIDRFh87D1G1wOJysuHqW7PrxF+5MMvYxv2gApIdQ87mxpAQb42fmZlLnT4AvcIC7d+hgpQ==",
      "license": "SEE LICENSE IN LICENSE.txt"
    }
  }
}
